
Microsoft Visual Studio Solution File, Format Version 12.00
# Visual Studio Version 16
VisualStudioVersion = 16.0.30907.101
MinimumVisualStudioVersion = 10.0.40219.1
Project("{9A19103F-16F7-4668-BE54-9A1E7A4F7556}") = "ConsolePlayerStatManagement", "A1ParasPatel\ConsolePlayerStatManagement.csproj", "{122092FC-84FE-406D-876F-3CA731C68D45}"
EndProject
Global
	GlobalSection(SolutionConfigurationPlatforms) = preSolution
		Debug|Any CPU = Debug|Any CPU
		Release|Any CPU = Release|Any CPU
	EndGlobalSection
	GlobalSection(ProjectConfigurationPlatforms) = postSolution
		{122092FC-84FE-406D-876F-3CA731C68D45}.Debug|Any CPU.ActiveCfg = Debug|Any CPU
		{122092FC-84FE-406D-876F-3CA731C68D45}.Debug|Any CPU.Build.0 = Debug|Any CPU
		{122092FC-84FE-406D-876F-3CA731C68D45}.Release|Any CPU.ActiveCfg = Release|Any CPU
		{122092FC-84FE-406D-876F-3CA731C68D45}.Release|Any CPU.Build.0 = Release|Any CPU
	EndGlobalSection
	GlobalSection(SolutionProperties) = preSolution
		HideSolutionNode = FALSE
	EndGlobalSection
	GlobalSection(ExtensibilityGlobals) = postSolution
		SolutionGuid = {AD16A17C-EEBC-4344-AB65-A4969F982B77}
	EndGlobalSection
EndGlobal
